
Microsoft Visual Studio Solution File, Format Version 12.00
# Visual Studio Version 16
VisualStudioVersion = 16.0.28803.156
MinimumVisualStudioVersion = 10.0.40219.1
Project("{8BC9CEB8-8B4A-11D0-8D11-00A0C91BC942}") = "FPS", "FPS\FPS.vcxproj", "{443CED3A-938B-45A2-BC87-BB63302D552B}"
	ProjectSection(ProjectDependencies) = postProject
		{53C0CC22-AA0F-40AE-9BF9-BDF6AEA6D0A0} = {53C0CC22-AA0F-40AE-9BF9-BDF6AEA6D0A0}
	EndProjectSection
EndProject
Project("{8BC9CEB8-8B4A-11D0-8D11-00A0C91BC942}") = "CppGameEngine", "..\CppGameEngine\CppGameEngine.vcxproj", "{53C0CC22-AA0F-40AE-9BF9-BDF6AEA6D0A0}"
EndProject
Global
	GlobalSection(SolutionConfigurationPlatforms) = preSolution
		Debug|x64 = Debug|x64
		Debug|x86 = Debug|x86
		Release|x64 = Release|x64
		Release|x86 = Release|x86
	EndGlobalSection
	GlobalSection(ProjectConfigurationPlatforms) = postSolution
		{443CED3A-938B-45A2-BC87-BB63302D552B}.Debug|x64.ActiveCfg = Debug|x64
		{443CED3A-938B-45A2-BC87-BB63302D552B}.Debug|x64.Build.0 = Debug|x64
		{443CED3A-938B-45A2-BC87-BB63302D552B}.Debug|x86.ActiveCfg = Debug|Win32
		{443CED3A-938B-45A2-BC87-BB63302D552B}.Debug|x86.Build.0 = Debug|Win32
		{443CED3A-938B-45A2-BC87-BB63302D552B}.Release|x64.ActiveCfg = Release|x64
		{443CED3A-938B-45A2-BC87-BB63302D552B}.Release|x64.Build.0 = Release|x64
		{443CED3A-938B-45A2-BC87-BB63302D552B}.Release|x86.ActiveCfg = Release|Win32
		{443CED3A-938B-45A2-BC87-BB63302D552B}.Release|x86.Build.0 = Release|Win32
		{53C0CC22-AA0F-40AE-9BF9-BDF6AEA6D0A0}.Debug|x64.ActiveCfg = Debug|x64
		{53C0CC22-AA0F-40AE-9BF9-BDF6AEA6D0A0}.Debug|x64.Build.0 = Debug|x64
		{53C0CC22-AA0F-40AE-9BF9-BDF6AEA6D0A0}.Debug|x86.ActiveCfg = Debug|Win32
		{53C0CC22-AA0F-40AE-9BF9-BDF6AEA6D0A0}.Debug|x86.Build.0 = Debug|Win32
		{53C0CC22-AA0F-40AE-9BF9-BDF6AEA6D0A0}.Release|x64.ActiveCfg = Release|x64
		{53C0CC22-AA0F-40AE-9BF9-BDF6AEA6D0A0}.Release|x64.Build.0 = Release|x64
		{53C0CC22-AA0F-40AE-9BF9-BDF6AEA6D0A0}.Release|x86.ActiveCfg = Release|Win32
		{53C0CC22-AA0F-40AE-9BF9-BDF6AEA6D0A0}.Release|x86.Build.0 = Release|Win32
	EndGlobalSection
	GlobalSection(SolutionProperties) = preSolution
		HideSolutionNode = FALSE
	EndGlobalSection
	GlobalSection(ExtensibilityGlobals) = postSolution
		SolutionGuid = {AB34CC53-2F57-413B-9B92-645FA3FAC69A}
	EndGlobalSection
EndGlobal
