
Microsoft Visual Studio Solution File, Format Version 12.00
# Visual Studio 15
VisualStudioVersion = 15.0.28010.2050
MinimumVisualStudioVersion = 10.0.40219.1
Project("{8BC9CEB8-8B4A-11D0-8D11-00A0C91BC942}") = "Fps", "Fps\Fps.vcxproj", "{805A307B-B187-44FE-872C-CEE8E9C5F643}"
EndProject
Project("{8BC9CEB8-8B4A-11D0-8D11-00A0C91BC942}") = "CppGameEngine", "..\CppGameEngine\CppGameEngine.vcxproj", "{56D91BC4-93B8-41CE-BA30-0B937B34CBC0}"
EndProject
Global
	GlobalSection(SolutionConfigurationPlatforms) = preSolution
		Debug|x64 = Debug|x64
		Debug|x86 = Debug|x86
		Release|x64 = Release|x64
		Release|x86 = Release|x86
	EndGlobalSection
	GlobalSection(ProjectConfigurationPlatforms) = postSolution
		{805A307B-B187-44FE-872C-CEE8E9C5F643}.Debug|x64.ActiveCfg = Debug|x64
		{805A307B-B187-44FE-872C-CEE8E9C5F643}.Debug|x64.Build.0 = Debug|x64
		{805A307B-B187-44FE-872C-CEE8E9C5F643}.Debug|x86.ActiveCfg = Debug|Win32
		{805A307B-B187-44FE-872C-CEE8E9C5F643}.Debug|x86.Build.0 = Debug|Win32
		{805A307B-B187-44FE-872C-CEE8E9C5F643}.Release|x64.ActiveCfg = Release|x64
		{805A307B-B187-44FE-872C-CEE8E9C5F643}.Release|x64.Build.0 = Release|x64
		{805A307B-B187-44FE-872C-CEE8E9C5F643}.Release|x86.ActiveCfg = Release|Win32
		{805A307B-B187-44FE-872C-CEE8E9C5F643}.Release|x86.Build.0 = Release|Win32
		{56D91BC4-93B8-41CE-BA30-0B937B34CBC0}.Debug|x64.ActiveCfg = Debug|x64
		{56D91BC4-93B8-41CE-BA30-0B937B34CBC0}.Debug|x64.Build.0 = Debug|x64
		{56D91BC4-93B8-41CE-BA30-0B937B34CBC0}.Debug|x86.ActiveCfg = Debug|Win32
		{56D91BC4-93B8-41CE-BA30-0B937B34CBC0}.Debug|x86.Build.0 = Debug|Win32
		{56D91BC4-93B8-41CE-BA30-0B937B34CBC0}.Release|x64.ActiveCfg = Release|x64
		{56D91BC4-93B8-41CE-BA30-0B937B34CBC0}.Release|x64.Build.0 = Release|x64
		{56D91BC4-93B8-41CE-BA30-0B937B34CBC0}.Release|x86.ActiveCfg = Release|Win32
		{56D91BC4-93B8-41CE-BA30-0B937B34CBC0}.Release|x86.Build.0 = Release|Win32
	EndGlobalSection
	GlobalSection(SolutionProperties) = preSolution
		HideSolutionNode = FALSE
	EndGlobalSection
	GlobalSection(ExtensibilityGlobals) = postSolution
		SolutionGuid = {A9A6064E-608A-4435-BA7B-E26C822566C1}
	EndGlobalSection
EndGlobal
